{
  "version": 4,
  "terraform_version": "1.9.5",
  "serial": 9,
  "lineage": "2d9a1436-b434-e3f2-5249-58c68cb1444e",
  "outputs": {
    "output": {
      "value": [
        {
          "role": "AmazonEC2FullAccess",
          "username": "Ram"
        },
        {
          "role": "AmazonS3ReadOnlyAccess",
          "username": "Shyam"
        },
        {
          "role": "AmazonS3ReadOnlyAccess",
          "username": "Hanuman"
        },
        {
          "role": "AmazonEC2FullAccess",
          "username": "Hanuman"
        }
      ],
      "type": [
        "tuple",
        [
          [
            "object",
            {
              "role": "string",
              "username": "string"
            }
          ],
          [
            "object",
            {
              "role": "string",
              "username": "string"
            }
          ],
          [
            "object",
            {
              "role": "string",
              "username": "string"
            }
          ],
          [
            "object",
            {
              "role": "string",
              "username": "string"
            }
          ]
        ]
      ]
    }
  },
  "resources": [
    {
      "mode": "managed",
      "type": "aws_iam_user",
      "name": "users",
      "provider": "provider[\"registry.terraform.io/hashicorp/aws\"]",
      "instances": [
        {
          "index_key": "Hanuman",
          "schema_version": 0,
          "attributes": {
            "arn": "arn:aws:iam::773973263329:user/Hanuman",
            "force_destroy": false,
            "id": "Hanuman",
            "name": "Hanuman",
            "path": "/",
            "permissions_boundary": "",
            "tags": null,
            "tags_all": {},
            "unique_id": "AIDA3INDGYPQTYE3NBNFY"
          },
          "sensitive_attributes": [],
          "private": "bnVsbA=="
        },
        {
          "index_key": "Ram",
          "schema_version": 0,
          "attributes": {
            "arn": "arn:aws:iam::773973263329:user/Ram",
            "force_destroy": false,
            "id": "Ram",
            "name": "Ram",
            "path": "/",
            "permissions_boundary": "",
            "tags": null,
            "tags_all": {},
            "unique_id": "AIDA3INDGYPQ2KB5CZWZW"
          },
          "sensitive_attributes": [],
          "private": "bnVsbA=="
        },
        {
          "index_key": "Shyam",
          "schema_version": 0,
          "attributes": {
            "arn": "arn:aws:iam::773973263329:user/Shyam",
            "force_destroy": false,
            "id": "Shyam",
            "name": "Shyam",
            "path": "/",
            "permissions_boundary": "",
            "tags": null,
            "tags_all": {},
            "unique_id": "AIDA3INDGYPQ6TZEJ5PHQ"
          },
          "sensitive_attributes": [],
          "private": "bnVsbA=="
        }
      ]
    },
    {
      "mode": "managed",
      "type": "aws_iam_user_login_profile",
      "name": "profile",
      "provider": "provider[\"registry.terraform.io/hashicorp/aws\"]",
      "instances": [
        {
          "index_key": "Hanuman",
          "schema_version": 0,
          "attributes": {
            "encrypted_password": null,
            "id": "Hanuman",
            "key_fingerprint": null,
            "password": "Cr4R=yIv%#[7",
            "password_length": 12,
            "password_reset_required": null,
            "pgp_key": null,
            "user": "Hanuman"
          },
          "sensitive_attributes": [],
          "private": "bnVsbA==",
          "dependencies": [
            "aws_iam_user.users"
          ]
        },
        {
          "index_key": "Ram",
          "schema_version": 0,
          "attributes": {
            "encrypted_password": null,
            "id": "Ram",
            "key_fingerprint": null,
            "password": "C%[V3a{b(-kj",
            "password_length": 12,
            "password_reset_required": null,
            "pgp_key": null,
            "user": "Ram"
          },
          "sensitive_attributes": [],
          "private": "bnVsbA==",
          "dependencies": [
            "aws_iam_user.users"
          ]
        },
        {
          "index_key": "Shyam",
          "schema_version": 0,
          "attributes": {
            "encrypted_password": null,
            "id": "Shyam",
            "key_fingerprint": null,
            "password": "1j+9B]QIql%j",
            "password_length": 12,
            "password_reset_required": null,
            "pgp_key": null,
            "user": "Shyam"
          },
          "sensitive_attributes": [],
          "private": "bnVsbA==",
          "dependencies": [
            "aws_iam_user.users"
          ]
        }
      ]
    },
    {
      "mode": "managed",
      "type": "aws_iam_user_policy_attachment",
      "name": "main",
      "provider": "provider[\"registry.terraform.io/hashicorp/aws\"]",
      "instances": [
        {
          "index_key": "Hanuman-AmazonEC2FullAccess",
          "schema_version": 0,
          "attributes": {
            "id": "Hanuman-20241008174126794300000004",
            "policy_arn": "arn:aws:iam::aws:policy/AmazonEC2FullAccess",
            "user": "Hanuman"
          },
          "sensitive_attributes": [],
          "private": "bnVsbA==",
          "dependencies": [
            "aws_iam_user.users"
          ]
        },
        {
          "index_key": "Hanuman-AmazonS3ReadOnlyAccess",
          "schema_version": 0,
          "attributes": {
            "id": "Hanuman-20241008174126248800000001",
            "policy_arn": "arn:aws:iam::aws:policy/AmazonS3ReadOnlyAccess",
            "user": "Hanuman"
          },
          "sensitive_attributes": [],
          "private": "bnVsbA==",
          "dependencies": [
            "aws_iam_user.users"
          ]
        },
        {
          "index_key": "Ram-AmazonEC2FullAccess",
          "schema_version": 0,
          "attributes": {
            "id": "Ram-20241008174126526200000002",
            "policy_arn": "arn:aws:iam::aws:policy/AmazonEC2FullAccess",
            "user": "Ram"
          },
          "sensitive_attributes": [],
          "private": "bnVsbA==",
          "dependencies": [
            "aws_iam_user.users"
          ]
        },
        {
          "index_key": "Shyam-AmazonS3ReadOnlyAccess",
          "schema_version": 0,
          "attributes": {
            "id": "Shyam-20241008174126622400000003",
            "policy_arn": "arn:aws:iam::aws:policy/AmazonS3ReadOnlyAccess",
            "user": "Shyam"
          },
          "sensitive_attributes": [],
          "private": "bnVsbA==",
          "dependencies": [
            "aws_iam_user.users"
          ]
        }
      ]
    }
  ],
  "check_results": null
}
